
Microsoft Visual Studio Solution File, Format Version 12.00
# Visual Studio Version 17
VisualStudioVersion = 17.11.35303.130
MinimumVisualStudioVersion = 10.0.40219.1
Project("{FAE04EC0-301F-11D3-BF4B-00C04F79EFBC}") = "UserManagementSystem.Api", "UserManagementSystem.Api\UserManagementSystem.Api.csproj", "{2E59C1A5-840C-4EC2-AA1C-136D3D2AA5B2}"
EndProject
Project("{FAE04EC0-301F-11D3-BF4B-00C04F79EFBC}") = "UserManagementSystem.Application", "UserManagementSystem.Application\UserManagementSystem.Application.csproj", "{E044C237-CC4B-4C6E-A302-6974D167C90F}"
EndProject
Project("{FAE04EC0-301F-11D3-BF4B-00C04F79EFBC}") = "UserManagementSystem.Domain", "UserManagementSystem.Domain\UserManagementSystem.Domain.csproj", "{5811A1E2-01BE-4B8F-8DFD-7A19B21F0516}"
EndProject
Project("{FAE04EC0-301F-11D3-BF4B-00C04F79EFBC}") = "UserManagementSystem.Infrastructure", "UserManagementSystem.Infrastructure\UserManagementSystem.Infrastructure.csproj", "{436486CD-3ACB-4CB0-AFC3-4B71ED00051E}"
EndProject
Global
	GlobalSection(SolutionConfigurationPlatforms) = preSolution
		Debug|Any CPU = Debug|Any CPU
		Release|Any CPU = Release|Any CPU
	EndGlobalSection
	GlobalSection(ProjectConfigurationPlatforms) = postSolution
		{2E59C1A5-840C-4EC2-AA1C-136D3D2AA5B2}.Debug|Any CPU.ActiveCfg = Debug|Any CPU
		{2E59C1A5-840C-4EC2-AA1C-136D3D2AA5B2}.Debug|Any CPU.Build.0 = Debug|Any CPU
		{2E59C1A5-840C-4EC2-AA1C-136D3D2AA5B2}.Release|Any CPU.ActiveCfg = Release|Any CPU
		{2E59C1A5-840C-4EC2-AA1C-136D3D2AA5B2}.Release|Any CPU.Build.0 = Release|Any CPU
		{E044C237-CC4B-4C6E-A302-6974D167C90F}.Debug|Any CPU.ActiveCfg = Debug|Any CPU
		{E044C237-CC4B-4C6E-A302-6974D167C90F}.Debug|Any CPU.Build.0 = Debug|Any CPU
		{E044C237-CC4B-4C6E-A302-6974D167C90F}.Release|Any CPU.ActiveCfg = Release|Any CPU
		{E044C237-CC4B-4C6E-A302-6974D167C90F}.Release|Any CPU.Build.0 = Release|Any CPU
		{5811A1E2-01BE-4B8F-8DFD-7A19B21F0516}.Debug|Any CPU.ActiveCfg = Debug|Any CPU
		{5811A1E2-01BE-4B8F-8DFD-7A19B21F0516}.Debug|Any CPU.Build.0 = Debug|Any CPU
		{5811A1E2-01BE-4B8F-8DFD-7A19B21F0516}.Release|Any CPU.ActiveCfg = Release|Any CPU
		{5811A1E2-01BE-4B8F-8DFD-7A19B21F0516}.Release|Any CPU.Build.0 = Release|Any CPU
		{436486CD-3ACB-4CB0-AFC3-4B71ED00051E}.Debug|Any CPU.ActiveCfg = Debug|Any CPU
		{436486CD-3ACB-4CB0-AFC3-4B71ED00051E}.Debug|Any CPU.Build.0 = Debug|Any CPU
		{436486CD-3ACB-4CB0-AFC3-4B71ED00051E}.Release|Any CPU.ActiveCfg = Release|Any CPU
		{436486CD-3ACB-4CB0-AFC3-4B71ED00051E}.Release|Any CPU.Build.0 = Release|Any CPU
	EndGlobalSection
	GlobalSection(SolutionProperties) = preSolution
		HideSolutionNode = FALSE
	EndGlobalSection
	GlobalSection(ExtensibilityGlobals) = postSolution
		SolutionGuid = {E02D521C-35EA-4FD9-9DA2-A5FF533DD66F}
	EndGlobalSection
EndGlobal
